// !$*UTF8*$!
{
	archiveVersion = 1;
	classes = {
	};
	objectVersion = 52;
	objects = {

/* Begin PBXBuildFile section */
		15875B9026052A96001ABBC2 /* Newtracking.swift in Sources */ = {isa = PBXBuildFile; fileRef = 15875B8F26052A95001ABBC2 /* Newtracking.swift */; };
		15B8904226034CF900F366CA /* Tracking.swift in Sources */ = {isa = PBXBuildFile; fileRef = 15B8904126034CF900F366CA /* Tracking.swift */; };
		4DDFE1CD25CF1BA6005BEB5B /* AddNewOrderView.swift in Sources */ = {isa = PBXBuildFile; fileRef = 4DDFE1CC25CF1BA6005BEB5B /* AddNewOrderView.swift */; };
		4DDFE1D125CF1BCC005BEB5B /* DROPOFFlocationView.swift in Sources */ = {isa = PBXBuildFile; fileRef = 4DDFE1D025CF1BCC005BEB5B /* DROPOFFlocationView.swift */; };
		4DDFE1D425CF1BFA005BEB5B /* SendOrderIView.swift in Sources */ = {isa = PBXBuildFile; fileRef = 4DDFE1D325CF1BFA005BEB5B /* SendOrderIView.swift */; };
		580795B925E97F41002F50A3 /* Notifications.swift in Sources */ = {isa = PBXBuildFile; fileRef = 580795B825E97F41002F50A3 /* Notifications.swift */; };
		58212B7B260980AA0000D0CC /* ChatViewCourier.swift in Sources */ = {isa = PBXBuildFile; fileRef = 58212B7A260980AA0000D0CC /* ChatViewCourier.swift */; };
		5886863125D17C6D00C15A0D /* ViewMemberProfile.swift in Sources */ = {isa = PBXBuildFile; fileRef = 5886863025D17C6D00C15A0D /* ViewMemberProfile.swift */; };
		5886863525D17F6B00C15A0D /* ViewCourierProfile.swift in Sources */ = {isa = PBXBuildFile; fileRef = 5886863425D17F6B00C15A0D /* ViewCourierProfile.swift */; };
		5886863925D1AD4500C15A0D /* TabBarMenu.swift in Sources */ = {isa = PBXBuildFile; fileRef = 5886863825D1AD4500C15A0D /* TabBarMenu.swift */; };
		5886863D25D1B43C00C15A0D /* AboutUs.swift in Sources */ = {isa = PBXBuildFile; fileRef = 5886863C25D1B43C00C15A0D /* AboutUs.swift */; };
		589433EC25C8F61F00E19E18 /* FastWayApp.swift in Sources */ = {isa = PBXBuildFile; fileRef = 589433EB25C8F61F00E19E18 /* FastWayApp.swift */; };
		589433F025C8F62300E19E18 /* Assets.xcassets in Resources */ = {isa = PBXBuildFile; fileRef = 589433EF25C8F62300E19E18 /* Assets.xcassets */; };
		589433F325C8F62300E19E18 /* Preview Assets.xcassets in Resources */ = {isa = PBXBuildFile; fileRef = 589433F225C8F62300E19E18 /* Preview Assets.xcassets */; };
		589433FC25C8F74100E19E18 /* GoogleService-Info.plist in Resources */ = {isa = PBXBuildFile; fileRef = 589433FB25C8F74100E19E18 /* GoogleService-Info.plist */; };
		5894342A25C90DD800E19E18 /* SignView.swift in Sources */ = {isa = PBXBuildFile; fileRef = 5894342925C90DD800E19E18 /* SignView.swift */; };
		589C42D625C9956E009D6B45 /* LoginView.swift in Sources */ = {isa = PBXBuildFile; fileRef = 589C42D525C9956E009D6B45 /* LoginView.swift */; };
		589C42DA25C9B2B6009D6B45 /* RadioButton.swift in Sources */ = {isa = PBXBuildFile; fileRef = 589C42D925C9B2B6009D6B45 /* RadioButton.swift */; };
		589C42FC25CBA651009D6B45 /* classes.swift in Sources */ = {isa = PBXBuildFile; fileRef = 589C42FB25CBA651009D6B45 /* classes.swift */; };
		58B0D34E261556290097EE8E /* Pods_FastWay.framework in Frameworks */ = {isa = PBXBuildFile; fileRef = A521735E255EEE842E224EDC /* Pods_FastWay.framework */; };
		58B0D34F261556290097EE8E /* Pods_FastWay.framework in Embed Frameworks */ = {isa = PBXBuildFile; fileRef = A521735E255EEE842E224EDC /* Pods_FastWay.framework */; settings = {ATTRIBUTES = (CodeSignOnCopy, RemoveHeadersOnCopy, ); }; };
		58B5F55225D9726B00D4C099 /* Maps.swift in Sources */ = {isa = PBXBuildFile; fileRef = 58B5F55125D9726B00D4C099 /* Maps.swift */; };
		58B5F55925D9859500D4C099 /* EntireMapView.swift in Sources */ = {isa = PBXBuildFile; fileRef = 58B5F55825D9859500D4C099 /* EntireMapView.swift */; };
		58B5F55C25DBF55200D4C099 /* DetailedOrderOffer.swift in Sources */ = {isa = PBXBuildFile; fileRef = 58B5F55B25DBF55200D4C099 /* DetailedOrderOffer.swift */; };
		778D349325E7D9A3002B902D /* TextView.swift in Sources */ = {isa = PBXBuildFile; fileRef = 778D349225E7D9A3002B902D /* TextView.swift */; };
		C20283C12605104900182682 /* CurrentCardMDetailsAssigned.swift in Sources */ = {isa = PBXBuildFile; fileRef = C20283C02605104900182682 /* CurrentCardMDetailsAssigned.swift */; };
		C20283C52605137800182682 /* CurrentCardCDetailesNeworder.swift in Sources */ = {isa = PBXBuildFile; fileRef = C20283C42605137800182682 /* CurrentCardCDetailesNeworder.swift */; };
		C22D4E9B25E15ADD001EF297 /* CurrentOrderCourierView.swift in Sources */ = {isa = PBXBuildFile; fileRef = C22D4E9A25E15ADD001EF297 /* CurrentOrderCourierView.swift */; };
		C22D4E9E25E15B6F001EF297 /* HistoryCourierView.swift in Sources */ = {isa = PBXBuildFile; fileRef = C22D4E9D25E15B6F001EF297 /* HistoryCourierView.swift */; };
		C23FDEAB26054153004DC779 /* ChatView.swift in Sources */ = {isa = PBXBuildFile; fileRef = C23FDEAA26054153004DC779 /* ChatView.swift */; };
		C24354B525D431B90033B69F /* cardCourier.swift in Sources */ = {isa = PBXBuildFile; fileRef = C24354B425D431B90033B69F /* cardCourier.swift */; };
		C268D59825D07EF7006183AB /* UserDefaults.swift in Sources */ = {isa = PBXBuildFile; fileRef = C268D59725D07EF7006183AB /* UserDefaults.swift */; };
		C2A006C225CF1F1A0010C126 /* MotherView.swift in Sources */ = {isa = PBXBuildFile; fileRef = C2A006C125CF1F1A0010C126 /* MotherView.swift */; };
		C2A006C625CF1F590010C126 /* Helper.swift in Sources */ = {isa = PBXBuildFile; fileRef = C2A006C525CF1F590010C126 /* Helper.swift */; };
		C2A006CA25CF22680010C126 /* CurrentOrderView.swift in Sources */ = {isa = PBXBuildFile; fileRef = C2A006C925CF22680010C126 /* CurrentOrderView.swift */; };
		C2A006CE25CF229A0010C126 /* HistoryView.swift in Sources */ = {isa = PBXBuildFile; fileRef = C2A006CD25CF229A0010C126 /* HistoryView.swift */; };
		C2A006D225CF22B20010C126 /* DeliverOrderView.swift in Sources */ = {isa = PBXBuildFile; fileRef = C2A006D125CF22B20010C126 /* DeliverOrderView.swift */; };
		C2A006D725CF24C60010C126 /* ViewRouter.swift in Sources */ = {isa = PBXBuildFile; fileRef = C2A006D625CF24C60010C126 /* ViewRouter.swift */; };
		C2C26EB225CABEA500505716 /* HomeCourierView.swift in Sources */ = {isa = PBXBuildFile; fileRef = C2C26EB125CABEA500505716 /* HomeCourierView.swift */; };
		C2E20EF525EABFD2009CAE56 /* Offers.swift in Sources */ = {isa = PBXBuildFile; fileRef = C2E20EF425EABFD2009CAE56 /* Offers.swift */; };
		C2FBE49725CCBC0700899B3F /* HomeMemberView.swift in Sources */ = {isa = PBXBuildFile; fileRef = C2FBE49625CCBC0700899B3F /* HomeMemberView.swift */; };
/* End PBXBuildFile section */

/* Begin PBXCopyFilesBuildPhase section */
		58B0D350261556290097EE8E /* Embed Frameworks */ = {
			isa = PBXCopyFilesBuildPhase;
			buildActionMask = 2147483647;
			dstPath = "";
			dstSubfolderSpec = 10;
			files = (
				58B0D34F261556290097EE8E /* Pods_FastWay.framework in Embed Frameworks */,
			);
			name = "Embed Frameworks";
			runOnlyForDeploymentPostprocessing = 0;
		};
/* End PBXCopyFilesBuildPhase section */

/* Begin PBXFileReference section */
		15875B8F26052A95001ABBC2 /* Newtracking.swift */ = {isa = PBXFileReference; lastKnownFileType = sourcecode.swift; path = Newtracking.swift; sourceTree = "<group>"; };
		15B8904126034CF900F366CA /* Tracking.swift */ = {isa = PBXFileReference; lastKnownFileType = sourcecode.swift; path = Tracking.swift; sourceTree = "<group>"; };
		4DDFE1CC25CF1BA6005BEB5B /* AddNewOrderView.swift */ = {isa = PBXFileReference; lastKnownFileType = sourcecode.swift; path = AddNewOrderView.swift; sourceTree = "<group>"; };
		4DDFE1D025CF1BCC005BEB5B /* DROPOFFlocationView.swift */ = {isa = PBXFileReference; lastKnownFileType = sourcecode.swift; path = DROPOFFlocationView.swift; sourceTree = "<group>"; };
		4DDFE1D325CF1BFA005BEB5B /* SendOrderIView.swift */ = {isa = PBXFileReference; lastKnownFileType = sourcecode.swift; path = SendOrderIView.swift; sourceTree = "<group>"; };
		580795B825E97F41002F50A3 /* Notifications.swift */ = {isa = PBXFileReference; lastKnownFileType = sourcecode.swift; path = Notifications.swift; sourceTree = "<group>"; };
		58212B7A260980AA0000D0CC /* ChatViewCourier.swift */ = {isa = PBXFileReference; lastKnownFileType = sourcecode.swift; path = ChatViewCourier.swift; sourceTree = "<group>"; };
		5886863025D17C6D00C15A0D /* ViewMemberProfile.swift */ = {isa = PBXFileReference; lastKnownFileType = sourcecode.swift; path = ViewMemberProfile.swift; sourceTree = "<group>"; };
		5886863425D17F6B00C15A0D /* ViewCourierProfile.swift */ = {isa = PBXFileReference; lastKnownFileType = sourcecode.swift; path = ViewCourierProfile.swift; sourceTree = "<group>"; };
		5886863825D1AD4500C15A0D /* TabBarMenu.swift */ = {isa = PBXFileReference; lastKnownFileType = sourcecode.swift; path = TabBarMenu.swift; sourceTree = "<group>"; };
		5886863C25D1B43C00C15A0D /* AboutUs.swift */ = {isa = PBXFileReference; lastKnownFileType = sourcecode.swift; path = AboutUs.swift; sourceTree = "<group>"; };
		589433E825C8F61F00E19E18 /* FastWay.app */ = {isa = PBXFileReference; explicitFileType = wrapper.application; includeInIndex = 0; path = FastWay.app; sourceTree = BUILT_PRODUCTS_DIR; };
		589433EB25C8F61F00E19E18 /* FastWayApp.swift */ = {isa = PBXFileReference; lastKnownFileType = sourcecode.swift; path = FastWayApp.swift; sourceTree = "<group>"; };
		589433EF25C8F62300E19E18 /* Assets.xcassets */ = {isa = PBXFileReference; lastKnownFileType = folder.assetcatalog; path = Assets.xcassets; sourceTree = "<group>"; };
		589433F225C8F62300E19E18 /* Preview Assets.xcassets */ = {isa = PBXFileReference; lastKnownFileType = folder.assetcatalog; path = "Preview Assets.xcassets"; sourceTree = "<group>"; };
		589433F425C8F62300E19E18 /* Info.plist */ = {isa = PBXFileReference; lastKnownFileType = text.plist.xml; path = Info.plist; sourceTree = "<group>"; };
		589433FB25C8F74100E19E18 /* GoogleService-Info.plist */ = {isa = PBXFileReference; fileEncoding = 4; lastKnownFileType = text.plist.xml; path = "GoogleService-Info.plist"; sourceTree = "<group>"; };
		5894342925C90DD800E19E18 /* SignView.swift */ = {isa = PBXFileReference; lastKnownFileType = sourcecode.swift; path = SignView.swift; sourceTree = "<group>"; };
		589C42D525C9956E009D6B45 /* LoginView.swift */ = {isa = PBXFileReference; lastKnownFileType = sourcecode.swift; path = LoginView.swift; sourceTree = "<group>"; };
		589C42D925C9B2B6009D6B45 /* RadioButton.swift */ = {isa = PBXFileReference; lastKnownFileType = sourcecode.swift; path = RadioButton.swift; sourceTree = "<group>"; };
		589C42FB25CBA651009D6B45 /* classes.swift */ = {isa = PBXFileReference; lastKnownFileType = sourcecode.swift; path = classes.swift; sourceTree = "<group>"; };
		58B0D343261549880097EE8E /* FirebaseMessaging.framework */ = {isa = PBXFileReference; explicitFileType = wrapper.framework; path = FirebaseMessaging.framework; sourceTree = BUILT_PRODUCTS_DIR; };
		58B5F55125D9726B00D4C099 /* Maps.swift */ = {isa = PBXFileReference; lastKnownFileType = sourcecode.swift; path = Maps.swift; sourceTree = "<group>"; };
		58B5F55825D9859500D4C099 /* EntireMapView.swift */ = {isa = PBXFileReference; fileEncoding = 4; lastKnownFileType = sourcecode.swift; path = EntireMapView.swift; sourceTree = "<group>"; };
		58B5F55B25DBF55200D4C099 /* DetailedOrderOffer.swift */ = {isa = PBXFileReference; lastKnownFileType = sourcecode.swift; path = DetailedOrderOffer.swift; sourceTree = "<group>"; };
		773C94515FFF9C6F67574693 /* Pods-FastWay.debug.xcconfig */ = {isa = PBXFileReference; includeInIndex = 1; lastKnownFileType = text.xcconfig; name = "Pods-FastWay.debug.xcconfig"; path = "Target Support Files/Pods-FastWay/Pods-FastWay.debug.xcconfig"; sourceTree = "<group>"; };
		778D349225E7D9A3002B902D /* TextView.swift */ = {isa = PBXFileReference; lastKnownFileType = sourcecode.swift; path = TextView.swift; sourceTree = "<group>"; };
		A521735E255EEE842E224EDC /* Pods_FastWay.framework */ = {isa = PBXFileReference; explicitFileType = wrapper.framework; includeInIndex = 0; path = Pods_FastWay.framework; sourceTree = BUILT_PRODUCTS_DIR; };
		C20283C02605104900182682 /* CurrentCardMDetailsAssigned.swift */ = {isa = PBXFileReference; lastKnownFileType = sourcecode.swift; path = CurrentCardMDetailsAssigned.swift; sourceTree = "<group>"; };
		C20283C42605137800182682 /* CurrentCardCDetailesNeworder.swift */ = {isa = PBXFileReference; lastKnownFileType = sourcecode.swift; path = CurrentCardCDetailesNeworder.swift; sourceTree = "<group>"; };
		C22D4E9A25E15ADD001EF297 /* CurrentOrderCourierView.swift */ = {isa = PBXFileReference; lastKnownFileType = sourcecode.swift; path = CurrentOrderCourierView.swift; sourceTree = "<group>"; };
		C22D4E9D25E15B6F001EF297 /* HistoryCourierView.swift */ = {isa = PBXFileReference; lastKnownFileType = sourcecode.swift; path = HistoryCourierView.swift; sourceTree = "<group>"; };
		C23FDEAA26054153004DC779 /* ChatView.swift */ = {isa = PBXFileReference; lastKnownFileType = sourcecode.swift; path = ChatView.swift; sourceTree = "<group>"; };
		C24354B425D431B90033B69F /* cardCourier.swift */ = {isa = PBXFileReference; lastKnownFileType = sourcecode.swift; path = cardCourier.swift; sourceTree = "<group>"; };
		C268D59725D07EF7006183AB /* UserDefaults.swift */ = {isa = PBXFileReference; lastKnownFileType = sourcecode.swift; path = UserDefaults.swift; sourceTree = "<group>"; };
		C2A006C125CF1F1A0010C126 /* MotherView.swift */ = {isa = PBXFileReference; lastKnownFileType = sourcecode.swift; path = MotherView.swift; sourceTree = "<group>"; };
		C2A006C525CF1F590010C126 /* Helper.swift */ = {isa = PBXFileReference; lastKnownFileType = sourcecode.swift; path = Helper.swift; sourceTree = "<group>"; };
		C2A006C925CF22680010C126 /* CurrentOrderView.swift */ = {isa = PBXFileReference; lastKnownFileType = sourcecode.swift; path = CurrentOrderView.swift; sourceTree = "<group>"; };
		C2A006CD25CF229A0010C126 /* HistoryView.swift */ = {isa = PBXFileReference; lastKnownFileType = sourcecode.swift; path = HistoryView.swift; sourceTree = "<group>"; };
		C2A006D125CF22B20010C126 /* DeliverOrderView.swift */ = {isa = PBXFileReference; lastKnownFileType = sourcecode.swift; path = DeliverOrderView.swift; sourceTree = "<group>"; };
		C2A006D625CF24C60010C126 /* ViewRouter.swift */ = {isa = PBXFileReference; lastKnownFileType = sourcecode.swift; path = ViewRouter.swift; sourceTree = "<group>"; };
		C2C26EB125CABEA500505716 /* HomeCourierView.swift */ = {isa = PBXFileReference; lastKnownFileType = sourcecode.swift; path = HomeCourierView.swift; sourceTree = "<group>"; };
		C2E20EF425EABFD2009CAE56 /* Offers.swift */ = {isa = PBXFileReference; lastKnownFileType = sourcecode.swift; path = Offers.swift; sourceTree = "<group>"; };
		C2FBE49625CCBC0700899B3F /* HomeMemberView.swift */ = {isa = PBXFileReference; lastKnownFileType = sourcecode.swift; path = HomeMemberView.swift; sourceTree = "<group>"; };
		F4A975CAC4078662B4232E56 /* Pods-FastWay.release.xcconfig */ = {isa = PBXFileReference; includeInIndex = 1; lastKnownFileType = text.xcconfig; name = "Pods-FastWay.release.xcconfig"; path = "Target Support Files/Pods-FastWay/Pods-FastWay.release.xcconfig"; sourceTree = "<group>"; };
/* End PBXFileReference section */

/* Begin PBXFrameworksBuildPhase section */
		589433E525C8F61F00E19E18 /* Frameworks */ = {
			isa = PBXFrameworksBuildPhase;
			buildActionMask = 2147483647;
			files = (
				58B0D34E261556290097EE8E /* Pods_FastWay.framework in Frameworks */,
			);
			runOnlyForDeploymentPostprocessing = 0;
		};
/* End PBXFrameworksBuildPhase section */

/* Begin PBXGroup section */
		0AE68516249F89B3C6E87DD9 /* Frameworks */ = {
			isa = PBXGroup;
			children = (
				58B0D343261549880097EE8E /* FirebaseMessaging.framework */,
				A521735E255EEE842E224EDC /* Pods_FastWay.framework */,
			);
			name = Frameworks;
			sourceTree = "<group>";
		};
		589433DF25C8F61F00E19E18 = {
			isa = PBXGroup;
			children = (
				589433EA25C8F61F00E19E18 /* FastWay */,
				589433E925C8F61F00E19E18 /* Products */,
				ED00C03FCE9137CDB8E99BCD /* Pods */,
				0AE68516249F89B3C6E87DD9 /* Frameworks */,
			);
			sourceTree = "<group>";
		};
		589433E925C8F61F00E19E18 /* Products */ = {
			isa = PBXGroup;
			children = (
				589433E825C8F61F00E19E18 /* FastWay.app */,
			);
			name = Products;
			sourceTree = "<group>";
		};
		589433EA25C8F61F00E19E18 /* FastWay */ = {
			isa = PBXGroup;
			children = (
				589433EB25C8F61F00E19E18 /* FastWayApp.swift */,
				C2A006C125CF1F1A0010C126 /* MotherView.swift */,
				C2A006C525CF1F590010C126 /* Helper.swift */,
				C2A006D625CF24C60010C126 /* ViewRouter.swift */,
				580795B825E97F41002F50A3 /* Notifications.swift */,
				C268D59725D07EF7006183AB /* UserDefaults.swift */,
				589C42FB25CBA651009D6B45 /* classes.swift */,
				5886863825D1AD4500C15A0D /* TabBarMenu.swift */,
				589C42D925C9B2B6009D6B45 /* RadioButton.swift */,
				589C42D525C9956E009D6B45 /* LoginView.swift */,
				5894342925C90DD800E19E18 /* SignView.swift */,
				5886863C25D1B43C00C15A0D /* AboutUs.swift */,
				4DDFE1D025CF1BCC005BEB5B /* DROPOFFlocationView.swift */,
				C2FBE49625CCBC0700899B3F /* HomeMemberView.swift */,
				C2C26EB125CABEA500505716 /* HomeCourierView.swift */,
				4DDFE1CC25CF1BA6005BEB5B /* AddNewOrderView.swift */,
				4DDFE1D325CF1BFA005BEB5B /* SendOrderIView.swift */,
				C2E20EF425EABFD2009CAE56 /* Offers.swift */,
				C2A006C925CF22680010C126 /* CurrentOrderView.swift */,
				C22D4E9A25E15ADD001EF297 /* CurrentOrderCourierView.swift */,
				C2A006CD25CF229A0010C126 /* HistoryView.swift */,
				C22D4E9D25E15B6F001EF297 /* HistoryCourierView.swift */,
				5886863425D17F6B00C15A0D /* ViewCourierProfile.swift */,
				5886863025D17C6D00C15A0D /* ViewMemberProfile.swift */,
				C2A006D125CF22B20010C126 /* DeliverOrderView.swift */,
				58B5F55B25DBF55200D4C099 /* DetailedOrderOffer.swift */,
				C24354B425D431B90033B69F /* cardCourier.swift */,
				C20283C02605104900182682 /* CurrentCardMDetailsAssigned.swift */,
				C23FDEAA26054153004DC779 /* ChatView.swift */,
				58212B7A260980AA0000D0CC /* ChatViewCourier.swift */,
				C20283C42605137800182682 /* CurrentCardCDetailesNeworder.swift */,
				15875B8F26052A95001ABBC2 /* Newtracking.swift */,
				15B8904126034CF900F366CA /* Tracking.swift */,
				58B5F55125D9726B00D4C099 /* Maps.swift */,
				58B5F55825D9859500D4C099 /* EntireMapView.swift */,
				778D349225E7D9A3002B902D /* TextView.swift */,
				589433EF25C8F62300E19E18 /* Assets.xcassets */,
				589433F425C8F62300E19E18 /* Info.plist */,
				589433FB25C8F74100E19E18 /* GoogleService-Info.plist */,
				589433F125C8F62300E19E18 /* Preview Content */,
			);
			path = FastWay;
			sourceTree = "<group>";
		};
		589433F125C8F62300E19E18 /* Preview Content */ = {
			isa = PBXGroup;
			children = (
				589433F225C8F62300E19E18 /* Preview Assets.xcassets */,
			);
			path = "Preview Content";
			sourceTree = "<group>";
		};
		ED00C03FCE9137CDB8E99BCD /* Pods */ = {
			isa = PBXGroup;
			children = (
				773C94515FFF9C6F67574693 /* Pods-FastWay.debug.xcconfig */,
				F4A975CAC4078662B4232E56 /* Pods-FastWay.release.xcconfig */,
			);
			path = Pods;
			sourceTree = "<group>";
		};
/* End PBXGroup section */

/* Begin PBXNativeTarget section */
		589433E725C8F61F00E19E18 /* FastWay */ = {
			isa = PBXNativeTarget;
			buildConfigurationList = 589433F725C8F62300E19E18 /* Build configuration list for PBXNativeTarget "FastWay" */;
			buildPhases = (
				03744135D3DD31C023938B68 /* [CP] Check Pods Manifest.lock */,
				589433E425C8F61F00E19E18 /* Sources */,
				589433E525C8F61F00E19E18 /* Frameworks */,
				589433E625C8F61F00E19E18 /* Resources */,
				9C6FDEE1ED945E62C709343E /* [CP] Embed Pods Frameworks */,
				58B0D350261556290097EE8E /* Embed Frameworks */,
			);
			buildRules = (
			);
			dependencies = (
			);
			name = FastWay;
			packageProductDependencies = (
			);
			productName = FastWay;
			productReference = 589433E825C8F61F00E19E18 /* FastWay.app */;
			productType = "com.apple.product-type.application";
		};
/* End PBXNativeTarget section */

/* Begin PBXProject section */
		589433E025C8F61F00E19E18 /* Project object */ = {
			isa = PBXProject;
			attributes = {
				LastSwiftUpdateCheck = 1240;
				LastUpgradeCheck = 1240;
				TargetAttributes = {
					589433E725C8F61F00E19E18 = {
						CreatedOnToolsVersion = 12.4;
					};
				};
			};
			buildConfigurationList = 589433E325C8F61F00E19E18 /* Build configuration list for PBXProject "FastWay" */;
			compatibilityVersion = "Xcode 9.3";
			developmentRegion = en;
			hasScannedForEncodings = 0;
			knownRegions = (
				en,
				Base,
			);
			mainGroup = 589433DF25C8F61F00E19E18;
			packageReferences = (
				58B0D34926154EE40097EE8E /* XCRemoteSwiftPackageReference "firebase-ios-sdk" */,
			);
			productRefGroup = 589433E925C8F61F00E19E18 /* Products */;
			projectDirPath = "";
			projectRoot = "";
			targets = (
				589433E725C8F61F00E19E18 /* FastWay */,
			);
		};
/* End PBXProject section */

/* Begin PBXResourcesBuildPhase section */
		589433E625C8F61F00E19E18 /* Resources */ = {
			isa = PBXResourcesBuildPhase;
			buildActionMask = 2147483647;
			files = (
				589433F325C8F62300E19E18 /* Preview Assets.xcassets in Resources */,
				589433F025C8F62300E19E18 /* Assets.xcassets in Resources */,
				589433FC25C8F74100E19E18 /* GoogleService-Info.plist in Resources */,
			);
			runOnlyForDeploymentPostprocessing = 0;
		};
/* End PBXResourcesBuildPhase section */

/* Begin PBXShellScriptBuildPhase section */
		03744135D3DD31C023938B68 /* [CP] Check Pods Manifest.lock */ = {
			isa = PBXShellScriptBuildPhase;
			buildActionMask = 2147483647;
			files = (
			);
			inputFileListPaths = (
			);
			inputPaths = (
				"${PODS_PODFILE_DIR_PATH}/Podfile.lock",
				"${PODS_ROOT}/Manifest.lock",
			);
			name = "[CP] Check Pods Manifest.lock";
			outputFileListPaths = (
			);
			outputPaths = (
				"$(DERIVED_FILE_DIR)/Pods-FastWay-checkManifestLockResult.txt",
			);
			runOnlyForDeploymentPostprocessing = 0;
			shellPath = /bin/sh;
			shellScript = "diff \"${PODS_PODFILE_DIR_PATH}/Podfile.lock\" \"${PODS_ROOT}/Manifest.lock\" > /dev/null\nif [ $? != 0 ] ; then\n    # print error to STDERR\n    echo \"error: The sandbox is not in sync with the Podfile.lock. Run 'pod install' or update your CocoaPods installation.\" >&2\n    exit 1\nfi\n# This output is used by Xcode 'outputs' to avoid re-running this script phase.\necho \"SUCCESS\" > \"${SCRIPT_OUTPUT_FILE_0}\"\n";
			showEnvVarsInLog = 0;
		};
		9C6FDEE1ED945E62C709343E /* [CP] Embed Pods Frameworks */ = {
			isa = PBXShellScriptBuildPhase;
			buildActionMask = 2147483647;
			files = (
			);
			inputFileListPaths = (
				"${PODS_ROOT}/Target Support Files/Pods-FastWay/Pods-FastWay-frameworks-${CONFIGURATION}-input-files.xcfilelist",
			);
			name = "[CP] Embed Pods Frameworks";
			outputFileListPaths = (
				"${PODS_ROOT}/Target Support Files/Pods-FastWay/Pods-FastWay-frameworks-${CONFIGURATION}-output-files.xcfilelist",
			);
			runOnlyForDeploymentPostprocessing = 0;
			shellPath = /bin/sh;
			shellScript = "\"${PODS_ROOT}/Target Support Files/Pods-FastWay/Pods-FastWay-frameworks.sh\"\n";
			showEnvVarsInLog = 0;
		};
/* End PBXShellScriptBuildPhase section */

/* Begin PBXSourcesBuildPhase section */
		589433E425C8F61F00E19E18 /* Sources */ = {
			isa = PBXSourcesBuildPhase;
			buildActionMask = 2147483647;
			files = (
				589C42FC25CBA651009D6B45 /* classes.swift in Sources */,
				15875B9026052A96001ABBC2 /* Newtracking.swift in Sources */,
				C2A006C225CF1F1A0010C126 /* MotherView.swift in Sources */,
				580795B925E97F41002F50A3 /* Notifications.swift in Sources */,
				5886863525D17F6B00C15A0D /* ViewCourierProfile.swift in Sources */,
				5886863D25D1B43C00C15A0D /* AboutUs.swift in Sources */,
				5886863125D17C6D00C15A0D /* ViewMemberProfile.swift in Sources */,
				5886863925D1AD4500C15A0D /* TabBarMenu.swift in Sources */,
				15B8904226034CF900F366CA /* Tracking.swift in Sources */,
				C2A006C625CF1F590010C126 /* Helper.swift in Sources */,
				5894342A25C90DD800E19E18 /* SignView.swift in Sources */,
				778D349325E7D9A3002B902D /* TextView.swift in Sources */,
				C2A006D225CF22B20010C126 /* DeliverOrderView.swift in Sources */,
				4DDFE1D425CF1BFA005BEB5B /* SendOrderIView.swift in Sources */,
				C2FBE49725CCBC0700899B3F /* HomeMemberView.swift in Sources */,
				C20283C12605104900182682 /* CurrentCardMDetailsAssigned.swift in Sources */,
				C22D4E9B25E15ADD001EF297 /* CurrentOrderCourierView.swift in Sources */,
				4DDFE1D125CF1BCC005BEB5B /* DROPOFFlocationView.swift in Sources */,
				589C42DA25C9B2B6009D6B45 /* RadioButton.swift in Sources */,
				58B5F55225D9726B00D4C099 /* Maps.swift in Sources */,
				C2C26EB225CABEA500505716 /* HomeCourierView.swift in Sources */,
				C2A006D725CF24C60010C126 /* ViewRouter.swift in Sources */,
				589C42D625C9956E009D6B45 /* LoginView.swift in Sources */,
				C20283C52605137800182682 /* CurrentCardCDetailesNeworder.swift in Sources */,
				C2A006CA25CF22680010C126 /* CurrentOrderView.swift in Sources */,
				58B5F55C25DBF55200D4C099 /* DetailedOrderOffer.swift in Sources */,
				589433EC25C8F61F00E19E18 /* FastWayApp.swift in Sources */,
				C22D4E9E25E15B6F001EF297 /* HistoryCourierView.swift in Sources */,
				C268D59825D07EF7006183AB /* UserDefaults.swift in Sources */,
				4DDFE1CD25CF1BA6005BEB5B /* AddNewOrderView.swift in Sources */,
				C2E20EF525EABFD2009CAE56 /* Offers.swift in Sources */,
				C2A006CE25CF229A0010C126 /* HistoryView.swift in Sources */,
				58212B7B260980AA0000D0CC /* ChatViewCourier.swift in Sources */,
				C23FDEAB26054153004DC779 /* ChatView.swift in Sources */,
				58B5F55925D9859500D4C099 /* EntireMapView.swift in Sources */,
				C24354B525D431B90033B69F /* cardCourier.swift in Sources */,
			);
			runOnlyForDeploymentPostprocessing = 0;
		};
/* End PBXSourcesBuildPhase section */

/* Begin XCBuildConfiguration section */
		589433F525C8F62300E19E18 /* Debug */ = {
			isa = XCBuildConfiguration;
			buildSettings = {
				ALWAYS_SEARCH_USER_PATHS = NO;
				CLANG_ANALYZER_NONNULL = YES;
				CLANG_ANALYZER_NUMBER_OBJECT_CONVERSION = YES_AGGRESSIVE;
				CLANG_CXX_LANGUAGE_STANDARD = "gnu++14";
				CLANG_CXX_LIBRARY = "libc++";
				CLANG_ENABLE_MODULES = YES;
				CLANG_ENABLE_OBJC_ARC = YES;
				CLANG_ENABLE_OBJC_WEAK = YES;
				CLANG_WARN_BLOCK_CAPTURE_AUTORELEASING = YES;
				CLANG_WARN_BOOL_CONVERSION = YES;
				CLANG_WARN_COMMA = YES;
				CLANG_WARN_CONSTANT_CONVERSION = YES;
				CLANG_WARN_DEPRECATED_OBJC_IMPLEMENTATIONS = YES;
				CLANG_WARN_DIRECT_OBJC_ISA_USAGE = YES_ERROR;
				CLANG_WARN_DOCUMENTATION_COMMENTS = YES;
				CLANG_WARN_EMPTY_BODY = YES;
				CLANG_WARN_ENUM_CONVERSION = YES;
				CLANG_WARN_INFINITE_RECURSION = YES;
				CLANG_WARN_INT_CONVERSION = YES;
				CLANG_WARN_NON_LITERAL_NULL_CONVERSION = YES;
				CLANG_WARN_OBJC_IMPLICIT_RETAIN_SELF = YES;
				CLANG_WARN_OBJC_LITERAL_CONVERSION = YES;
				CLANG_WARN_OBJC_ROOT_CLASS = YES_ERROR;
				CLANG_WARN_QUOTED_INCLUDE_IN_FRAMEWORK_HEADER = YES;
				CLANG_WARN_RANGE_LOOP_ANALYSIS = YES;
				CLANG_WARN_STRICT_PROTOTYPES = YES;
				CLANG_WARN_SUSPICIOUS_MOVE = YES;
				CLANG_WARN_UNGUARDED_AVAILABILITY = YES_AGGRESSIVE;
				CLANG_WARN_UNREACHABLE_CODE = YES;
				CLANG_WARN__DUPLICATE_METHOD_MATCH = YES;
				COPY_PHASE_STRIP = NO;
				DEBUG_INFORMATION_FORMAT = dwarf;
				ENABLE_STRICT_OBJC_MSGSEND = YES;
				ENABLE_TESTABILITY = YES;
				GCC_C_LANGUAGE_STANDARD = gnu11;
				GCC_DYNAMIC_NO_PIC = NO;
				GCC_NO_COMMON_BLOCKS = YES;
				GCC_OPTIMIZATION_LEVEL = 0;
				GCC_PREPROCESSOR_DEFINITIONS = (
					"DEBUG=1",
					"$(inherited)",
				);
				GCC_WARN_64_TO_32_BIT_CONVERSION = YES;
				GCC_WARN_ABOUT_RETURN_TYPE = YES_ERROR;
				GCC_WARN_UNDECLARED_SELECTOR = YES;
				GCC_WARN_UNINITIALIZED_AUTOS = YES_AGGRESSIVE;
				GCC_WARN_UNUSED_FUNCTION = YES;
				GCC_WARN_UNUSED_VARIABLE = YES;
				IPHONEOS_DEPLOYMENT_TARGET = 14.4;
				MTL_ENABLE_DEBUG_INFO = INCLUDE_SOURCE;
				MTL_FAST_MATH = YES;
				ONLY_ACTIVE_ARCH = YES;
				SDKROOT = iphoneos;
				SWIFT_ACTIVE_COMPILATION_CONDITIONS = DEBUG;
				SWIFT_OPTIMIZATION_LEVEL = "-Onone";
			};
			name = Debug;
		};
		589433F625C8F62300E19E18 /* Release */ = {
			isa = XCBuildConfiguration;
			buildSettings = {
				ALWAYS_SEARCH_USER_PATHS = NO;
				CLANG_ANALYZER_NONNULL = YES;
				CLANG_ANALYZER_NUMBER_OBJECT_CONVERSION = YES_AGGRESSIVE;
				CLANG_CXX_LANGUAGE_STANDARD = "gnu++14";
				CLANG_CXX_LIBRARY = "libc++";
				CLANG_ENABLE_MODULES = YES;
				CLANG_ENABLE_OBJC_ARC = YES;
				CLANG_ENABLE_OBJC_WEAK = YES;
				CLANG_WARN_BLOCK_CAPTURE_AUTORELEASING = YES;
				CLANG_WARN_BOOL_CONVERSION = YES;
				CLANG_WARN_COMMA = YES;
				CLANG_WARN_CONSTANT_CONVERSION = YES;
				CLANG_WARN_DEPRECATED_OBJC_IMPLEMENTATIONS = YES;
				CLANG_WARN_DIRECT_OBJC_ISA_USAGE = YES_ERROR;
				CLANG_WARN_DOCUMENTATION_COMMENTS = YES;
				CLANG_WARN_EMPTY_BODY = YES;
				CLANG_WARN_ENUM_CONVERSION = YES;
				CLANG_WARN_INFINITE_RECURSION = YES;
				CLANG_WARN_INT_CONVERSION = YES;
				CLANG_WARN_NON_LITERAL_NULL_CONVERSION = YES;
				CLANG_WARN_OBJC_IMPLICIT_RETAIN_SELF = YES;
				CLANG_WARN_OBJC_LITERAL_CONVERSION = YES;
				CLANG_WARN_OBJC_ROOT_CLASS = YES_ERROR;
				CLANG_WARN_QUOTED_INCLUDE_IN_FRAMEWORK_HEADER = YES;
				CLANG_WARN_RANGE_LOOP_ANALYSIS = YES;
				CLANG_WARN_STRICT_PROTOTYPES = YES;
				CLANG_WARN_SUSPICIOUS_MOVE = YES;
				CLANG_WARN_UNGUARDED_AVAILABILITY = YES_AGGRESSIVE;
				CLANG_WARN_UNREACHABLE_CODE = YES;
				CLANG_WARN__DUPLICATE_METHOD_MATCH = YES;
				COPY_PHASE_STRIP = NO;
				DEBUG_INFORMATION_FORMAT = "dwarf-with-dsym";
				ENABLE_NS_ASSERTIONS = NO;
				ENABLE_STRICT_OBJC_MSGSEND = YES;
				GCC_C_LANGUAGE_STANDARD = gnu11;
				GCC_NO_COMMON_BLOCKS = YES;
				GCC_WARN_64_TO_32_BIT_CONVERSION = YES;
				GCC_WARN_ABOUT_RETURN_TYPE = YES_ERROR;
				GCC_WARN_UNDECLARED_SELECTOR = YES;
				GCC_WARN_UNINITIALIZED_AUTOS = YES_AGGRESSIVE;
				GCC_WARN_UNUSED_FUNCTION = YES;
				GCC_WARN_UNUSED_VARIABLE = YES;
				IPHONEOS_DEPLOYMENT_TARGET = 14.4;
				MTL_ENABLE_DEBUG_INFO = NO;
				MTL_FAST_MATH = YES;
				SDKROOT = iphoneos;
				SWIFT_COMPILATION_MODE = wholemodule;
				SWIFT_OPTIMIZATION_LEVEL = "-O";
				VALIDATE_PRODUCT = YES;
			};
			name = Release;
		};
		589433F825C8F62300E19E18 /* Debug */ = {
			isa = XCBuildConfiguration;
			baseConfigurationReference = 773C94515FFF9C6F67574693 /* Pods-FastWay.debug.xcconfig */;
			buildSettings = {
				ASSETCATALOG_COMPILER_APPICON_NAME = AppIcon;
				ASSETCATALOG_COMPILER_GLOBAL_ACCENT_COLOR_NAME = AccentColor;
				CODE_SIGN_ENTITLEMENTS = FastWay/FastWay.entitlements;
				CODE_SIGN_IDENTITY = "iPhone Developer";
				CODE_SIGN_STYLE = Manual;
				DEVELOPMENT_ASSET_PATHS = "\"FastWay/Preview Content\"";
				DEVELOPMENT_TEAM = 2V3BM7WMH8;
				ENABLE_PREVIEWS = YES;
				INFOPLIST_FILE = FastWay/Info.plist;
				IPHONEOS_DEPLOYMENT_TARGET = 14.0;
				LD_RUNPATH_SEARCH_PATHS = (
					"$(inherited)",
					"@executable_path/Frameworks",
				);
				PRODUCT_BUNDLE_IDENTIFIER = SWE444.FastWay;
				PRODUCT_NAME = "$(TARGET_NAME)";
				PROVISIONING_PROFILE_SPECIFIER = FastWay;
				SWIFT_VERSION = 5.0;
				TARGETED_DEVICE_FAMILY = 1;
			};
			name = Debug;
		};
		589433F925C8F62300E19E18 /* Release */ = {
			isa = XCBuildConfiguration;
			baseConfigurationReference = F4A975CAC4078662B4232E56 /* Pods-FastWay.release.xcconfig */;
			buildSettings = {
				ASSETCATALOG_COMPILER_APPICON_NAME = AppIcon;
				ASSETCATALOG_COMPILER_GLOBAL_ACCENT_COLOR_NAME = AccentColor;
				CODE_SIGN_ENTITLEMENTS = FastWay/FastWay.entitlements;
				CODE_SIGN_IDENTITY = "Apple Development";
				CODE_SIGN_STYLE = Automatic;
				DEVELOPMENT_ASSET_PATHS = "\"FastWay/Preview Content\"";
				DEVELOPMENT_TEAM = 2V3BM7WMH8;
				ENABLE_PREVIEWS = YES;
				INFOPLIST_FILE = FastWay/Info.plist;
				IPHONEOS_DEPLOYMENT_TARGET = 14.0;
				LD_RUNPATH_SEARCH_PATHS = (
					"$(inherited)",
					"@executable_path/Frameworks",
				);
				PRODUCT_BUNDLE_IDENTIFIER = SWE444.FastWay;
				PRODUCT_NAME = "$(TARGET_NAME)";
				PROVISIONING_PROFILE_SPECIFIER = "";
				SWIFT_VERSION = 5.0;
				TARGETED_DEVICE_FAMILY = 1;
			};
			name = Release;
		};
/* End XCBuildConfiguration section */

/* Begin XCConfigurationList section */
		589433E325C8F61F00E19E18 /* Build configuration list for PBXProject "FastWay" */ = {
			isa = XCConfigurationList;
			buildConfigurations = (
				589433F525C8F62300E19E18 /* Debug */,
				589433F625C8F62300E19E18 /* Release */,
			);
			defaultConfigurationIsVisible = 0;
			defaultConfigurationName = Release;
		};
		589433F725C8F62300E19E18 /* Build configuration list for PBXNativeTarget "FastWay" */ = {
			isa = XCConfigurationList;
			buildConfigurations = (
				589433F825C8F62300E19E18 /* Debug */,
				589433F925C8F62300E19E18 /* Release */,
			);
			defaultConfigurationIsVisible = 0;
			defaultConfigurationName = Release;
		};
/* End XCConfigurationList section */

/* Begin XCRemoteSwiftPackageReference section */
		58B0D34926154EE40097EE8E /* XCRemoteSwiftPackageReference "firebase-ios-sdk" */ = {
			isa = XCRemoteSwiftPackageReference;
			repositoryURL = "https://github.com/firebase/firebase-ios-sdk.git";
			requirement = {
				kind = upToNextMajorVersion;
				minimumVersion = 7.9.1;
			};
		};
/* End XCRemoteSwiftPackageReference section */
	};
	rootObject = 589433E025C8F61F00E19E18 /* Project object */;
}
