// !$*UTF8*$!
{
	archiveVersion = 1;
	classes = {
	};
	objectVersion = 51;
	objects = {

/* Begin PBXBuildFile section */
		589433EC25C8F61F00E19E18 /* FastWayApp.swift in Sources */ = {isa = PBXBuildFile; fileRef = 589433EB25C8F61F00E19E18 /* FastWayApp.swift */; };
		589433EE25C8F61F00E19E18 /* ContentView.swift in Sources */ = {isa = PBXBuildFile; fileRef = 589433ED25C8F61F00E19E18 /* ContentView.swift */; };
		589433F025C8F62300E19E18 /* Assets.xcassets in Resources */ = {isa = PBXBuildFile; fileRef = 589433EF25C8F62300E19E18 /* Assets.xcassets */; };
		589433F325C8F62300E19E18 /* Preview Assets.xcassets in Resources */ = {isa = PBXBuildFile; fileRef = 589433F225C8F62300E19E18 /* Preview Assets.xcassets */; };
		589433FC25C8F74100E19E18 /* GoogleService-Info.plist in Resources */ = {isa = PBXBuildFile; fileRef = 589433FB25C8F74100E19E18 /* GoogleService-Info.plist */; };
		5894342A25C90DD800E19E18 /* SignView.swift in Sources */ = {isa = PBXBuildFile; fileRef = 5894342925C90DD800E19E18 /* SignView.swift */; };
		589C42D625C9956E009D6B45 /* LoginView.swift in Sources */ = {isa = PBXBuildFile; fileRef = 589C42D525C9956E009D6B45 /* LoginView.swift */; };
		589C42DA25C9B2B6009D6B45 /* RadioButton.swift in Sources */ = {isa = PBXBuildFile; fileRef = 589C42D925C9B2B6009D6B45 /* RadioButton.swift */; };
		589C42FC25CBA651009D6B45 /* classes.swift in Sources */ = {isa = PBXBuildFile; fileRef = 589C42FB25CBA651009D6B45 /* classes.swift */; };
		58E7DF9625CD51D00040F66F /* ViewProfile.swift in Sources */ = {isa = PBXBuildFile; fileRef = 58E7DF9525CD51D00040F66F /* ViewProfile.swift */; };
		C2859D3425CDF72900970F16 /* ContentViewHome.swift in Sources */ = {isa = PBXBuildFile; fileRef = C2859D3325CDF72900970F16 /* ContentViewHome.swift */; };
		C2C26EB225CABEA500505716 /* HomeCourierView.swift in Sources */ = {isa = PBXBuildFile; fileRef = C2C26EB125CABEA500505716 /* HomeCourierView.swift */; };
		C2FBE49725CCBC0700899B3F /* HomeMemberView.swift in Sources */ = {isa = PBXBuildFile; fileRef = C2FBE49625CCBC0700899B3F /* HomeMemberView.swift */; };
		F9C18FBA199551DEF8E04400 /* Pods_FastWay.framework in Frameworks */ = {isa = PBXBuildFile; fileRef = A521735E255EEE842E224EDC /* Pods_FastWay.framework */; };
/* End PBXBuildFile section */

/* Begin PBXFileReference section */
		589433E825C8F61F00E19E18 /* FastWay.app */ = {isa = PBXFileReference; explicitFileType = wrapper.application; includeInIndex = 0; path = FastWay.app; sourceTree = BUILT_PRODUCTS_DIR; };
		589433EB25C8F61F00E19E18 /* FastWayApp.swift */ = {isa = PBXFileReference; lastKnownFileType = sourcecode.swift; path = FastWayApp.swift; sourceTree = "<group>"; };
		589433ED25C8F61F00E19E18 /* ContentView.swift */ = {isa = PBXFileReference; lastKnownFileType = sourcecode.swift; path = ContentView.swift; sourceTree = "<group>"; };
		589433EF25C8F62300E19E18 /* Assets.xcassets */ = {isa = PBXFileReference; lastKnownFileType = folder.assetcatalog; path = Assets.xcassets; sourceTree = "<group>"; };
		589433F225C8F62300E19E18 /* Preview Assets.xcassets */ = {isa = PBXFileReference; lastKnownFileType = folder.assetcatalog; path = "Preview Assets.xcassets"; sourceTree = "<group>"; };
		589433F425C8F62300E19E18 /* Info.plist */ = {isa = PBXFileReference; lastKnownFileType = text.plist.xml; path = Info.plist; sourceTree = "<group>"; };
		589433FB25C8F74100E19E18 /* GoogleService-Info.plist */ = {isa = PBXFileReference; fileEncoding = 4; lastKnownFileType = text.plist.xml; path = "GoogleService-Info.plist"; sourceTree = "<group>"; };
		5894342925C90DD800E19E18 /* SignView.swift */ = {isa = PBXFileReference; lastKnownFileType = sourcecode.swift; path = SignView.swift; sourceTree = "<group>"; };
		589C42D525C9956E009D6B45 /* LoginView.swift */ = {isa = PBXFileReference; lastKnownFileType = sourcecode.swift; path = LoginView.swift; sourceTree = "<group>"; };
		589C42D925C9B2B6009D6B45 /* RadioButton.swift */ = {isa = PBXFileReference; lastKnownFileType = sourcecode.swift; path = RadioButton.swift; sourceTree = "<group>"; };
		589C42FB25CBA651009D6B45 /* classes.swift */ = {isa = PBXFileReference; lastKnownFileType = sourcecode.swift; path = classes.swift; sourceTree = "<group>"; };
		58E7DF9525CD51D00040F66F /* ViewProfile.swift */ = {isa = PBXFileReference; lastKnownFileType = sourcecode.swift; path = ViewProfile.swift; sourceTree = "<group>"; };
		773C94515FFF9C6F67574693 /* Pods-FastWay.debug.xcconfig */ = {isa = PBXFileReference; includeInIndex = 1; lastKnownFileType = text.xcconfig; name = "Pods-FastWay.debug.xcconfig"; path = "Target Support Files/Pods-FastWay/Pods-FastWay.debug.xcconfig"; sourceTree = "<group>"; };
		A521735E255EEE842E224EDC /* Pods_FastWay.framework */ = {isa = PBXFileReference; explicitFileType = wrapper.framework; includeInIndex = 0; path = Pods_FastWay.framework; sourceTree = BUILT_PRODUCTS_DIR; };
		C2859D3325CDF72900970F16 /* ContentViewHome.swift */ = {isa = PBXFileReference; lastKnownFileType = sourcecode.swift; path = ContentViewHome.swift; sourceTree = "<group>"; };
		C2C26EB125CABEA500505716 /* HomeCourierView.swift */ = {isa = PBXFileReference; lastKnownFileType = sourcecode.swift; path = HomeCourierView.swift; sourceTree = "<group>"; };
		C2FBE49625CCBC0700899B3F /* HomeMemberView.swift */ = {isa = PBXFileReference; lastKnownFileType = sourcecode.swift; path = HomeMemberView.swift; sourceTree = "<group>"; };
		F4A975CAC4078662B4232E56 /* Pods-FastWay.release.xcconfig */ = {isa = PBXFileReference; includeInIndex = 1; lastKnownFileType = text.xcconfig; name = "Pods-FastWay.release.xcconfig"; path = "Target Support Files/Pods-FastWay/Pods-FastWay.release.xcconfig"; sourceTree = "<group>"; };
/* End PBXFileReference section */

/* Begin PBXFrameworksBuildPhase section */
		589433E525C8F61F00E19E18 /* Frameworks */ = {
			isa = PBXFrameworksBuildPhase;
			buildActionMask = 2147483647;
			files = (
				F9C18FBA199551DEF8E04400 /* Pods_FastWay.framework in Frameworks */,
			);
			runOnlyForDeploymentPostprocessing = 0;
		};
/* End PBXFrameworksBuildPhase section */

/* Begin PBXGroup section */
		0AE68516249F89B3C6E87DD9 /* Frameworks */ = {
			isa = PBXGroup;
			children = (
				A521735E255EEE842E224EDC /* Pods_FastWay.framework */,
			);
			name = Frameworks;
			sourceTree = "<group>";
		};
		589433DF25C8F61F00E19E18 = {
			isa = PBXGroup;
			children = (
				589433EA25C8F61F00E19E18 /* FastWay */,
				589433E925C8F61F00E19E18 /* Products */,
				ED00C03FCE9137CDB8E99BCD /* Pods */,
				0AE68516249F89B3C6E87DD9 /* Frameworks */,
			);
			sourceTree = "<group>";
		};
		589433E925C8F61F00E19E18 /* Products */ = {
			isa = PBXGroup;
			children = (
				589433E825C8F61F00E19E18 /* FastWay.app */,
			);
			name = Products;
			sourceTree = "<group>";
		};
		589433EA25C8F61F00E19E18 /* FastWay */ = {
			isa = PBXGroup;
			children = (
				589433EB25C8F61F00E19E18 /* FastWayApp.swift */,
				589433ED25C8F61F00E19E18 /* ContentView.swift */,
				C2859D3325CDF72900970F16 /* ContentViewHome.swift */,
				5894342925C90DD800E19E18 /* SignView.swift */,
				589C42D525C9956E009D6B45 /* LoginView.swift */,
				C2C26EB125CABEA500505716 /* HomeCourierView.swift */,
				C2FBE49625CCBC0700899B3F /* HomeMemberView.swift */,
				58E7DF9525CD51D00040F66F /* ViewProfile.swift */,
				589C42D925C9B2B6009D6B45 /* RadioButton.swift */,
				589C42FB25CBA651009D6B45 /* classes.swift */,
				589433EF25C8F62300E19E18 /* Assets.xcassets */,
				589433F425C8F62300E19E18 /* Info.plist */,
				589433FB25C8F74100E19E18 /* GoogleService-Info.plist */,
				589433F125C8F62300E19E18 /* Preview Content */,
			);
			path = FastWay;
			sourceTree = "<group>";
		};
		589433F125C8F62300E19E18 /* Preview Content */ = {
			isa = PBXGroup;
			children = (
				589433F225C8F62300E19E18 /* Preview Assets.xcassets */,
			);
			path = "Preview Content";
			sourceTree = "<group>";
		};
		ED00C03FCE9137CDB8E99BCD /* Pods */ = {
			isa = PBXGroup;
			children = (
				773C94515FFF9C6F67574693 /* Pods-FastWay.debug.xcconfig */,
				F4A975CAC4078662B4232E56 /* Pods-FastWay.release.xcconfig */,
			);
			path = Pods;
			sourceTree = "<group>";
		};
/* End PBXGroup section */

/* Begin PBXNativeTarget section */
		589433E725C8F61F00E19E18 /* FastWay */ = {
			isa = PBXNativeTarget;
			buildConfigurationList = 589433F725C8F62300E19E18 /* Build configuration list for PBXNativeTarget "FastWay" */;
			buildPhases = (
				03744135D3DD31C023938B68 /* [CP] Check Pods Manifest.lock */,
				589433E425C8F61F00E19E18 /* Sources */,
				589433E525C8F61F00E19E18 /* Frameworks */,
				589433E625C8F61F00E19E18 /* Resources */,
				9C6FDEE1ED945E62C709343E /* [CP] Embed Pods Frameworks */,
			);
			buildRules = (
			);
			dependencies = (
			);
			name = FastWay;
			productName = FastWay;
			productReference = 589433E825C8F61F00E19E18 /* FastWay.app */;
			productType = "com.apple.product-type.application";
		};
/* End PBXNativeTarget section */

/* Begin PBXProject section */
		589433E025C8F61F00E19E18 /* Project object */ = {
			isa = PBXProject;
			attributes = {
				LastSwiftUpdateCheck = 1240;
				LastUpgradeCheck = 1240;
				TargetAttributes = {
					589433E725C8F61F00E19E18 = {
						CreatedOnToolsVersion = 12.4;
					};
				};
			};
			buildConfigurationList = 589433E325C8F61F00E19E18 /* Build configuration list for PBXProject "FastWay" */;
			compatibilityVersion = "Xcode 9.3";
			developmentRegion = en;
			hasScannedForEncodings = 0;
			knownRegions = (
				en,
				Base,
			);
			mainGroup = 589433DF25C8F61F00E19E18;
			productRefGroup = 589433E925C8F61F00E19E18 /* Products */;
			projectDirPath = "";
			projectRoot = "";
			targets = (
				589433E725C8F61F00E19E18 /* FastWay */,
			);
		};
/* End PBXProject section */

/* Begin PBXResourcesBuildPhase section */
		589433E625C8F61F00E19E18 /* Resources */ = {
			isa = PBXResourcesBuildPhase;
			buildActionMask = 2147483647;
			files = (
				589433F325C8F62300E19E18 /* Preview Assets.xcassets in Resources */,
				589433F025C8F62300E19E18 /* Assets.xcassets in Resources */,
				589433FC25C8F74100E19E18 /* GoogleService-Info.plist in Resources */,
			);
			runOnlyForDeploymentPostprocessing = 0;
		};
/* End PBXResourcesBuildPhase section */

/* Begin PBXShellScriptBuildPhase section */
		03744135D3DD31C023938B68 /* [CP] Check Pods Manifest.lock */ = {
			isa = PBXShellScriptBuildPhase;
			buildActionMask = 2147483647;
			files = (
			);
			inputFileListPaths = (
			);
			inputPaths = (
				"${PODS_PODFILE_DIR_PATH}/Podfile.lock",
				"${PODS_ROOT}/Manifest.lock",
			);
			name = "[CP] Check Pods Manifest.lock";
			outputFileListPaths = (
			);
			outputPaths = (
				"$(DERIVED_FILE_DIR)/Pods-FastWay-checkManifestLockResult.txt",
			);
			runOnlyForDeploymentPostprocessing = 0;
			shellPath = /bin/sh;
			shellScript = "diff \"${PODS_PODFILE_DIR_PATH}/Podfile.lock\" \"${PODS_ROOT}/Manifest.lock\" > /dev/null\nif [ $? != 0 ] ; then\n    # print error to STDERR\n    echo \"error: The sandbox is not in sync with the Podfile.lock. Run 'pod install' or update your CocoaPods installation.\" >&2\n    exit 1\nfi\n# This output is used by Xcode 'outputs' to avoid re-running this script phase.\necho \"SUCCESS\" > \"${SCRIPT_OUTPUT_FILE_0}\"\n";
			showEnvVarsInLog = 0;
		};
		9C6FDEE1ED945E62C709343E /* [CP] Embed Pods Frameworks */ = {
			isa = PBXShellScriptBuildPhase;
			buildActionMask = 2147483647;
			files = (
			);
			inputFileListPaths = (
				"${PODS_ROOT}/Target Support Files/Pods-FastWay/Pods-FastWay-frameworks-${CONFIGURATION}-input-files.xcfilelist",
			);
			name = "[CP] Embed Pods Frameworks";
			outputFileListPaths = (
				"${PODS_ROOT}/Target Support Files/Pods-FastWay/Pods-FastWay-frameworks-${CONFIGURATION}-output-files.xcfilelist",
			);
			runOnlyForDeploymentPostprocessing = 0;
			shellPath = /bin/sh;
			shellScript = "\"${PODS_ROOT}/Target Support Files/Pods-FastWay/Pods-FastWay-frameworks.sh\"\n";
			showEnvVarsInLog = 0;
		};
/* End PBXShellScriptBuildPhase section */

/* Begin PBXSourcesBuildPhase section */
		589433E425C8F61F00E19E18 /* Sources */ = {
			isa = PBXSourcesBuildPhase;
			buildActionMask = 2147483647;
			files = (
				589C42FC25CBA651009D6B45 /* classes.swift in Sources */,
				5894342A25C90DD800E19E18 /* SignView.swift in Sources */,
				589433EE25C8F61F00E19E18 /* ContentView.swift in Sources */,
				C2FBE49725CCBC0700899B3F /* HomeMemberView.swift in Sources */,
				589C42DA25C9B2B6009D6B45 /* RadioButton.swift in Sources */,
				C2C26EB225CABEA500505716 /* HomeCourierView.swift in Sources */,
				589C42D625C9956E009D6B45 /* LoginView.swift in Sources */,
				589433EC25C8F61F00E19E18 /* FastWayApp.swift in Sources */,
				58E7DF9625CD51D00040F66F /* ViewProfile.swift in Sources */,
				C2859D3425CDF72900970F16 /* ContentViewHome.swift in Sources */,
			);
			runOnlyForDeploymentPostprocessing = 0;
		};
/* End PBXSourcesBuildPhase section */

/* Begin XCBuildConfiguration section */
		589433F525C8F62300E19E18 /* Debug */ = {
			isa = XCBuildConfiguration;
			buildSettings = {
				ALWAYS_SEARCH_USER_PATHS = NO;
				CLANG_ANALYZER_NONNULL = YES;
				CLANG_ANALYZER_NUMBER_OBJECT_CONVERSION = YES_AGGRESSIVE;
				CLANG_CXX_LANGUAGE_STANDARD = "gnu++14";
				CLANG_CXX_LIBRARY = "libc++";
				CLANG_ENABLE_MODULES = YES;
				CLANG_ENABLE_OBJC_ARC = YES;
				CLANG_ENABLE_OBJC_WEAK = YES;
				CLANG_WARN_BLOCK_CAPTURE_AUTORELEASING = YES;
				CLANG_WARN_BOOL_CONVERSION = YES;
				CLANG_WARN_COMMA = YES;
				CLANG_WARN_CONSTANT_CONVERSION = YES;
				CLANG_WARN_DEPRECATED_OBJC_IMPLEMENTATIONS = YES;
				CLANG_WARN_DIRECT_OBJC_ISA_USAGE = YES_ERROR;
				CLANG_WARN_DOCUMENTATION_COMMENTS = YES;
				CLANG_WARN_EMPTY_BODY = YES;
				CLANG_WARN_ENUM_CONVERSION = YES;
				CLANG_WARN_INFINITE_RECURSION = YES;
				CLANG_WARN_INT_CONVERSION = YES;
				CLANG_WARN_NON_LITERAL_NULL_CONVERSION = YES;
				CLANG_WARN_OBJC_IMPLICIT_RETAIN_SELF = YES;
				CLANG_WARN_OBJC_LITERAL_CONVERSION = YES;
				CLANG_WARN_OBJC_ROOT_CLASS = YES_ERROR;
				CLANG_WARN_QUOTED_INCLUDE_IN_FRAMEWORK_HEADER = YES;
				CLANG_WARN_RANGE_LOOP_ANALYSIS = YES;
				CLANG_WARN_STRICT_PROTOTYPES = YES;
				CLANG_WARN_SUSPICIOUS_MOVE = YES;
				CLANG_WARN_UNGUARDED_AVAILABILITY = YES_AGGRESSIVE;
				CLANG_WARN_UNREACHABLE_CODE = YES;
				CLANG_WARN__DUPLICATE_METHOD_MATCH = YES;
				COPY_PHASE_STRIP = NO;
				DEBUG_INFORMATION_FORMAT = dwarf;
				ENABLE_STRICT_OBJC_MSGSEND = YES;
				ENABLE_TESTABILITY = YES;
				GCC_C_LANGUAGE_STANDARD = gnu11;
				GCC_DYNAMIC_NO_PIC = NO;
				GCC_NO_COMMON_BLOCKS = YES;
				GCC_OPTIMIZATION_LEVEL = 0;
				GCC_PREPROCESSOR_DEFINITIONS = (
					"DEBUG=1",
					"$(inherited)",
				);
				GCC_WARN_64_TO_32_BIT_CONVERSION = YES;
				GCC_WARN_ABOUT_RETURN_TYPE = YES_ERROR;
				GCC_WARN_UNDECLARED_SELECTOR = YES;
				GCC_WARN_UNINITIALIZED_AUTOS = YES_AGGRESSIVE;
				GCC_WARN_UNUSED_FUNCTION = YES;
				GCC_WARN_UNUSED_VARIABLE = YES;
				IPHONEOS_DEPLOYMENT_TARGET = 14.4;
				MTL_ENABLE_DEBUG_INFO = INCLUDE_SOURCE;
				MTL_FAST_MATH = YES;
				ONLY_ACTIVE_ARCH = YES;
				SDKROOT = iphoneos;
				SWIFT_ACTIVE_COMPILATION_CONDITIONS = DEBUG;
				SWIFT_OPTIMIZATION_LEVEL = "-Onone";
			};
			name = Debug;
		};
		589433F625C8F62300E19E18 /* Release */ = {
			isa = XCBuildConfiguration;
			buildSettings = {
				ALWAYS_SEARCH_USER_PATHS = NO;
				CLANG_ANALYZER_NONNULL = YES;
				CLANG_ANALYZER_NUMBER_OBJECT_CONVERSION = YES_AGGRESSIVE;
				CLANG_CXX_LANGUAGE_STANDARD = "gnu++14";
				CLANG_CXX_LIBRARY = "libc++";
				CLANG_ENABLE_MODULES = YES;
				CLANG_ENABLE_OBJC_ARC = YES;
				CLANG_ENABLE_OBJC_WEAK = YES;
				CLANG_WARN_BLOCK_CAPTURE_AUTORELEASING = YES;
				CLANG_WARN_BOOL_CONVERSION = YES;
				CLANG_WARN_COMMA = YES;
				CLANG_WARN_CONSTANT_CONVERSION = YES;
				CLANG_WARN_DEPRECATED_OBJC_IMPLEMENTATIONS = YES;
				CLANG_WARN_DIRECT_OBJC_ISA_USAGE = YES_ERROR;
				CLANG_WARN_DOCUMENTATION_COMMENTS = YES;
				CLANG_WARN_EMPTY_BODY = YES;
				CLANG_WARN_ENUM_CONVERSION = YES;
				CLANG_WARN_INFINITE_RECURSION = YES;
				CLANG_WARN_INT_CONVERSION = YES;
				CLANG_WARN_NON_LITERAL_NULL_CONVERSION = YES;
				CLANG_WARN_OBJC_IMPLICIT_RETAIN_SELF = YES;
				CLANG_WARN_OBJC_LITERAL_CONVERSION = YES;
				CLANG_WARN_OBJC_ROOT_CLASS = YES_ERROR;
				CLANG_WARN_QUOTED_INCLUDE_IN_FRAMEWORK_HEADER = YES;
				CLANG_WARN_RANGE_LOOP_ANALYSIS = YES;
				CLANG_WARN_STRICT_PROTOTYPES = YES;
				CLANG_WARN_SUSPICIOUS_MOVE = YES;
				CLANG_WARN_UNGUARDED_AVAILABILITY = YES_AGGRESSIVE;
				CLANG_WARN_UNREACHABLE_CODE = YES;
				CLANG_WARN__DUPLICATE_METHOD_MATCH = YES;
				COPY_PHASE_STRIP = NO;
				DEBUG_INFORMATION_FORMAT = "dwarf-with-dsym";
				ENABLE_NS_ASSERTIONS = NO;
				ENABLE_STRICT_OBJC_MSGSEND = YES;
				GCC_C_LANGUAGE_STANDARD = gnu11;
				GCC_NO_COMMON_BLOCKS = YES;
				GCC_WARN_64_TO_32_BIT_CONVERSION = YES;
				GCC_WARN_ABOUT_RETURN_TYPE = YES_ERROR;
				GCC_WARN_UNDECLARED_SELECTOR = YES;
				GCC_WARN_UNINITIALIZED_AUTOS = YES_AGGRESSIVE;
				GCC_WARN_UNUSED_FUNCTION = YES;
				GCC_WARN_UNUSED_VARIABLE = YES;
				IPHONEOS_DEPLOYMENT_TARGET = 14.4;
				MTL_ENABLE_DEBUG_INFO = NO;
				MTL_FAST_MATH = YES;
				SDKROOT = iphoneos;
				SWIFT_COMPILATION_MODE = wholemodule;
				SWIFT_OPTIMIZATION_LEVEL = "-O";
				VALIDATE_PRODUCT = YES;
			};
			name = Release;
		};
		589433F825C8F62300E19E18 /* Debug */ = {
			isa = XCBuildConfiguration;
			baseConfigurationReference = 773C94515FFF9C6F67574693 /* Pods-FastWay.debug.xcconfig */;
			buildSettings = {
				ASSETCATALOG_COMPILER_APPICON_NAME = AppIcon;
				ASSETCATALOG_COMPILER_GLOBAL_ACCENT_COLOR_NAME = AccentColor;
				CODE_SIGN_STYLE = Automatic;
				DEVELOPMENT_ASSET_PATHS = "\"FastWay/Preview Content\"";
				ENABLE_PREVIEWS = YES;
				INFOPLIST_FILE = FastWay/Info.plist;
				IPHONEOS_DEPLOYMENT_TARGET = 14.0;
				LD_RUNPATH_SEARCH_PATHS = (
					"$(inherited)",
					"@executable_path/Frameworks",
				);
				PRODUCT_BUNDLE_IDENTIFIER = SWE444.FastWay;
				PRODUCT_NAME = "$(TARGET_NAME)";
				SWIFT_VERSION = 5.0;
				TARGETED_DEVICE_FAMILY = 1;
			};
			name = Debug;
		};
		589433F925C8F62300E19E18 /* Release */ = {
			isa = XCBuildConfiguration;
			baseConfigurationReference = F4A975CAC4078662B4232E56 /* Pods-FastWay.release.xcconfig */;
			buildSettings = {
				ASSETCATALOG_COMPILER_APPICON_NAME = AppIcon;
				ASSETCATALOG_COMPILER_GLOBAL_ACCENT_COLOR_NAME = AccentColor;
				CODE_SIGN_STYLE = Automatic;
				DEVELOPMENT_ASSET_PATHS = "\"FastWay/Preview Content\"";
				ENABLE_PREVIEWS = YES;
				INFOPLIST_FILE = FastWay/Info.plist;
				IPHONEOS_DEPLOYMENT_TARGET = 14.0;
				LD_RUNPATH_SEARCH_PATHS = (
					"$(inherited)",
					"@executable_path/Frameworks",
				);
				PRODUCT_BUNDLE_IDENTIFIER = SWE444.FastWay;
				PRODUCT_NAME = "$(TARGET_NAME)";
				SWIFT_VERSION = 5.0;
				TARGETED_DEVICE_FAMILY = 1;
			};
			name = Release;
		};
/* End XCBuildConfiguration section */

/* Begin XCConfigurationList section */
		589433E325C8F61F00E19E18 /* Build configuration list for PBXProject "FastWay" */ = {
			isa = XCConfigurationList;
			buildConfigurations = (
				589433F525C8F62300E19E18 /* Debug */,
				589433F625C8F62300E19E18 /* Release */,
			);
			defaultConfigurationIsVisible = 0;
			defaultConfigurationName = Release;
		};
		589433F725C8F62300E19E18 /* Build configuration list for PBXNativeTarget "FastWay" */ = {
			isa = XCConfigurationList;
			buildConfigurations = (
				589433F825C8F62300E19E18 /* Debug */,
				589433F925C8F62300E19E18 /* Release */,
			);
			defaultConfigurationIsVisible = 0;
			defaultConfigurationName = Release;
		};
/* End XCConfigurationList section */
	};
	rootObject = 589433E025C8F61F00E19E18 /* Project object */;
}
